
Microsoft Visual Studio Solution File, Format Version 12.00
# Visual Studio 15
VisualStudioVersion = 15.0.28307.1300
MinimumVisualStudioVersion = 10.0.40219.1
Project("{FAE04EC0-301F-11D3-BF4B-00C04F79EFBC}") = "EventCalendar", "EventCalendar\EventCalendar.csproj", "{015154A4-504C-4C43-845D-C11DA8B09C96}"
EndProject
Global
	GlobalSection(SolutionConfigurationPlatforms) = preSolution
		Debug|Any CPU = Debug|Any CPU
		Release|Any CPU = Release|Any CPU
	EndGlobalSection
	GlobalSection(ProjectConfigurationPlatforms) = postSolution
		{015154A4-504C-4C43-845D-C11DA8B09C96}.Debug|Any CPU.ActiveCfg = Debug|Any CPU
		{015154A4-504C-4C43-845D-C11DA8B09C96}.Debug|Any CPU.Build.0 = Debug|Any CPU
		{015154A4-504C-4C43-845D-C11DA8B09C96}.Release|Any CPU.ActiveCfg = Release|Any CPU
		{015154A4-504C-4C43-845D-C11DA8B09C96}.Release|Any CPU.Build.0 = Release|Any CPU
	EndGlobalSection
	GlobalSection(SolutionProperties) = preSolution
		HideSolutionNode = FALSE
	EndGlobalSection
	GlobalSection(ExtensibilityGlobals) = postSolution
		SolutionGuid = {1B886659-CED8-43F7-A290-5BD7CC7381E2}
	EndGlobalSection
EndGlobal
